
Microsoft Visual Studio Solution File, Format Version 10.00
# Visual Studio 2008
Project("{6989167D-11E4-40FE-8C1A-2192A86A7E90}") = "SNL_SWAN_v2", "SWAN_Test\SNL_SWAN_v2.vfproj", "{9DA8DB34-27BF-4931-9418-7731D4E788CC}"
EndProject
Global
	GlobalSection(SolutionConfigurationPlatforms) = preSolution
		Debug|Win32 = Debug|Win32
		Release|Win32 = Release|Win32
	EndGlobalSection
	GlobalSection(ProjectConfigurationPlatforms) = postSolution
		{9DA8DB34-27BF-4931-9418-7731D4E788CC}.Debug|Win32.ActiveCfg = Debug|Win32
		{9DA8DB34-27BF-4931-9418-7731D4E788CC}.Debug|Win32.Build.0 = Debug|Win32
		{9DA8DB34-27BF-4931-9418-7731D4E788CC}.Release|Win32.ActiveCfg = Release|Win32
		{9DA8DB34-27BF-4931-9418-7731D4E788CC}.Release|Win32.Build.0 = Release|Win32
	EndGlobalSection
	GlobalSection(SolutionProperties) = preSolution
		HideSolutionNode = FALSE
	EndGlobalSection
EndGlobal
