
Microsoft Visual Studio Solution File, Format Version 10.00
# Visual Studio 2008
Project("{6989167D-11E4-40FE-8C1A-2192A86A7E90}") = "SNL_SWAN_v3", "SNL_SWAN_v3\SNL_SWAN_v3.vfproj", "{996341CE-F73A-4292-8CC6-C19AB987CC40}"
EndProject
Global
	GlobalSection(SolutionConfigurationPlatforms) = preSolution
		Debug|Win32 = Debug|Win32
		Release|Win32 = Release|Win32
	EndGlobalSection
	GlobalSection(ProjectConfigurationPlatforms) = postSolution
		{996341CE-F73A-4292-8CC6-C19AB987CC40}.Debug|Win32.ActiveCfg = Debug|Win32
		{996341CE-F73A-4292-8CC6-C19AB987CC40}.Debug|Win32.Build.0 = Debug|Win32
		{996341CE-F73A-4292-8CC6-C19AB987CC40}.Release|Win32.ActiveCfg = Release|Win32
		{996341CE-F73A-4292-8CC6-C19AB987CC40}.Release|Win32.Build.0 = Release|Win32
	EndGlobalSection
	GlobalSection(SolutionProperties) = preSolution
		HideSolutionNode = FALSE
	EndGlobalSection
EndGlobal
